// !$*UTF8*$!
{
	archiveVersion = 1;
	classes = {
	};
	objectVersion = 46;
	objects = {

/* Begin PBXBuildFile section */
		F92AE5F615B6174E000CAE75 /* test-adjacency-matrix.cpp in Sources */ = {isa = PBXBuildFile; fileRef = F92AE5F515B6174E000CAE75 /* test-adjacency-matrix.cpp */; };
		F92AE5F815B617B5000CAE75 /* test-adjacency-matrix.cpp in Sources */ = {isa = PBXBuildFile; fileRef = F92AE5F515B6174E000CAE75 /* test-adjacency-matrix.cpp */; };
		F92AE5F915BF5B33000CAE75 /* graph.dylib in Frameworks */ = {isa = PBXBuildFile; fileRef = F975126C15A8D2D600831089 /* graph.dylib */; };
		F92AE5FB15BF62F5000CAE75 /* test-adjacency-list.cpp in Sources */ = {isa = PBXBuildFile; fileRef = F92AE5FA15BF62F5000CAE75 /* test-adjacency-list.cpp */; };
		F92AE5FC15BF6359000CAE75 /* test-adjacency-list.cpp in Sources */ = {isa = PBXBuildFile; fileRef = F92AE5FA15BF62F5000CAE75 /* test-adjacency-list.cpp */; };
		F92AE5FF15C0632D000CAE75 /* interactive.cpp in Sources */ = {isa = PBXBuildFile; fileRef = F92AE5FE15C0632D000CAE75 /* interactive.cpp */; };
		F92AE60015C063E2000CAE75 /* interactive.cpp in Sources */ = {isa = PBXBuildFile; fileRef = F92AE5FE15C0632D000CAE75 /* interactive.cpp */; };
		F932AD8515C2CC5600722457 /* prompt.cpp in Sources */ = {isa = PBXBuildFile; fileRef = F932AD8415C2CC5600722457 /* prompt.cpp */; };
		F932AD8815C2EE0B00722457 /* test-graph.cpp in Sources */ = {isa = PBXBuildFile; fileRef = F932AD8615C2EE0A00722457 /* test-graph.cpp */; };
		F932AD8B15C2F0B700722457 /* test-random-graph.cpp in Sources */ = {isa = PBXBuildFile; fileRef = F932AD8915C2F0B700722457 /* test-random-graph.cpp */; };
		F932AD8E15C2F51F00722457 /* test-undirected-dfs.cpp in Sources */ = {isa = PBXBuildFile; fileRef = F932AD8C15C2F51F00722457 /* test-undirected-dfs.cpp */; };
		F932AD9115C5F1CE00722457 /* test-bipartite.cpp in Sources */ = {isa = PBXBuildFile; fileRef = F932AD8F15C5F1CE00722457 /* test-bipartite.cpp */; };
		F932AD9615C9E97E00722457 /* simple-path.cpp in Sources */ = {isa = PBXBuildFile; fileRef = F932AD9415C9E97E00722457 /* simple-path.cpp */; };
		F932AD9915CBD93200722457 /* test-directed-graph.cpp in Sources */ = {isa = PBXBuildFile; fileRef = F932AD9715CBD93100722457 /* test-directed-graph.cpp */; };
		F932AD9C15D1D37900722457 /* test-transitive-closure.cpp in Sources */ = {isa = PBXBuildFile; fileRef = F932AD9A15D1D37900722457 /* test-transitive-closure.cpp */; };
		F9402E8A15EC3220009E268C /* digraph-strong-components.cpp in Sources */ = {isa = PBXBuildFile; fileRef = F9402E8815EC321F009E268C /* digraph-strong-components.cpp */; };
		F9402E8F15F3F1D9009E268C /* test-stack.cpp in Sources */ = {isa = PBXBuildFile; fileRef = F9402E8D15F3F1D9009E268C /* test-stack.cpp */; };
		F9402E9215FFF9E4009E268C /* test-weighted-graph.cpp in Sources */ = {isa = PBXBuildFile; fileRef = F9402E9015FFF9E4009E268C /* test-weighted-graph.cpp */; };
		F9402E9A16001AA4009E268C /* edge-pointer.cpp in Sources */ = {isa = PBXBuildFile; fileRef = F9402E9816001AA3009E268C /* edge-pointer.cpp */; };
		F9470FF615A8CC1300602C3C /* main.cpp in Sources */ = {isa = PBXBuildFile; fileRef = F9470FF515A8CC1300602C3C /* main.cpp */; };
		F9470FF815A8CC1300602C3C /* graph_repl.1 in CopyFiles */ = {isa = PBXBuildFile; fileRef = F9470FF715A8CC1300602C3C /* graph_repl.1 */; };
		F9590D1E15D34B610022D00C /* test-topological-sort.cpp in Sources */ = {isa = PBXBuildFile; fileRef = F9590D1C15D34B610022D00C /* test-topological-sort.cpp */; };
		F9590D2415D5C1670022D00C /* test-dfs.cpp in Sources */ = {isa = PBXBuildFile; fileRef = F9590D2215D5C1670022D00C /* test-dfs.cpp */; };
		F964321416179EC2007EAE1A /* test-assoc-array.cpp in Sources */ = {isa = PBXBuildFile; fileRef = F964321216179EC2007EAE1A /* test-assoc-array.cpp */; };
		F9643218161885A1007EAE1A /* test-union-find.cpp in Sources */ = {isa = PBXBuildFile; fileRef = F9643216161885A0007EAE1A /* test-union-find.cpp */; };
		F975127D15A8D3B700831089 /* graph.dylib in Frameworks */ = {isa = PBXBuildFile; fileRef = F975126C15A8D2D600831089 /* graph.dylib */; };
		F975127F15A8D3FD00831089 /* test.h in Headers */ = {isa = PBXBuildFile; fileRef = F975127E15A8D3FD00831089 /* test.h */; };
		F975128115A8D42800831089 /* testy.cpp in Sources */ = {isa = PBXBuildFile; fileRef = F975128015A8D42800831089 /* testy.cpp */; };
		F975128315A8D4B700831089 /* graph.h in Headers */ = {isa = PBXBuildFile; fileRef = F975128215A8D4B700831089 /* graph.h */; };
		F975128515A8D53500831089 /* edge.h in Headers */ = {isa = PBXBuildFile; fileRef = F975128415A8D53500831089 /* edge.h */; };
		F975128B15A9113200831089 /* graph_base.h in Headers */ = {isa = PBXBuildFile; fileRef = F975128715A9113200831089 /* graph_base.h */; };
		F975128C15A9113200831089 /* graph_impl.cpp in Sources */ = {isa = PBXBuildFile; fileRef = F975128815A9113200831089 /* graph_impl.cpp */; };
		F975128D15A9113200831089 /* graph_impl.h in Headers */ = {isa = PBXBuildFile; fileRef = F975128915A9113200831089 /* graph_impl.h */; };
		F975128F15A9124000831089 /* graph-type.h in Headers */ = {isa = PBXBuildFile; fileRef = F975128E15A9124000831089 /* graph-type.h */; };
		F975129215A9142F00831089 /* adjacency_matrix.cpp in Sources */ = {isa = PBXBuildFile; fileRef = F975129015A9142F00831089 /* adjacency_matrix.cpp */; };
		F975129315A9142F00831089 /* adjacency_matrix.h in Headers */ = {isa = PBXBuildFile; fileRef = F975129115A9142F00831089 /* adjacency_matrix.h */; };
		F975129715A9146100831089 /* graph_utils.h in Headers */ = {isa = PBXBuildFile; fileRef = F975129415A9146100831089 /* graph_utils.h */; };
		F975129915A9146100831089 /* tuple.h in Headers */ = {isa = PBXBuildFile; fileRef = F975129615A9146100831089 /* tuple.h */; };
		F975129B15A9148000831089 /* graph_utils.cpp in Sources */ = {isa = PBXBuildFile; fileRef = F975129A15A9148000831089 /* graph_utils.cpp */; };
		F975129E15A916F300831089 /* adjacency_list.cpp in Sources */ = {isa = PBXBuildFile; fileRef = F975129C15A916F300831089 /* adjacency_list.cpp */; };
		F975129F15A916F300831089 /* adjacency_list.h in Headers */ = {isa = PBXBuildFile; fileRef = F975129D15A916F300831089 /* adjacency_list.h */; };
		F97512A115A9171000831089 /* lwll.h in Headers */ = {isa = PBXBuildFile; fileRef = F97512A015A9171000831089 /* lwll.h */; };
		F97512A715A91B0700831089 /* bfs.h in Headers */ = {isa = PBXBuildFile; fileRef = F97512A415A91B0700831089 /* bfs.h */; };
		F97512A815A91B0700831089 /* dfs.h in Headers */ = {isa = PBXBuildFile; fileRef = F97512A515A91B0700831089 /* dfs.h */; };
		F97512A915A91B0700831089 /* search_base.h in Headers */ = {isa = PBXBuildFile; fileRef = F97512A615A91B0700831089 /* search_base.h */; };
		F97512AB15A91B3C00831089 /* graph-property.h in Headers */ = {isa = PBXBuildFile; fileRef = F97512AA15A91B3C00831089 /* graph-property.h */; };
		F97512AD15A91C2B00831089 /* algos.h in Headers */ = {isa = PBXBuildFile; fileRef = F97512AC15A91C2B00831089 /* algos.h */; };
		F97512B415A91CE400831089 /* degree.h in Headers */ = {isa = PBXBuildFile; fileRef = F97512B015A91CE400831089 /* degree.h */; };
		F97512B515A91CE400831089 /* graph_gen.cpp in Sources */ = {isa = PBXBuildFile; fileRef = F97512B115A91CE400831089 /* graph_gen.cpp */; };
		F97512B615A91CE400831089 /* graph_gen.h in Headers */ = {isa = PBXBuildFile; fileRef = F97512B215A91CE400831089 /* graph_gen.h */; };
		F97512B715A91CE400831089 /* transitive-clojure.h in Headers */ = {isa = PBXBuildFile; fileRef = F97512B315A91CE400831089 /* transitive-clojure.h */; };
		F97BBCB916050BD400A04B4A /* graph-edge-pointer.cpp in Sources */ = {isa = PBXBuildFile; fileRef = F97BBCB716050BD400A04B4A /* graph-edge-pointer.cpp */; };
		F97BBCBD16092DBA00A04B4A /* minimum-spanning-tree.cpp in Sources */ = {isa = PBXBuildFile; fileRef = F97BBCBB16092DBA00A04B4A /* minimum-spanning-tree.cpp */; };
		F9A76D6B160FAFB8007ED856 /* test-priority-queue.cpp in Sources */ = {isa = PBXBuildFile; fileRef = F9A76D69160FAFB8007ED856 /* test-priority-queue.cpp */; };
		F9B1AEA915AB95A100DC93D4 /* main.cpp in Sources */ = {isa = PBXBuildFile; fileRef = F9B1AEA815AB95A100DC93D4 /* main.cpp */; };
		F9B1AEAB15AB95A100DC93D4 /* unit_test.1 in CopyFiles */ = {isa = PBXBuildFile; fileRef = F9B1AEAA15AB95A100DC93D4 /* unit_test.1 */; };
		F9B7FD8D15AB962B00B0D6F0 /* test-edges.cpp in Sources */ = {isa = PBXBuildFile; fileRef = F9B7FD8C15AB962B00B0D6F0 /* test-edges.cpp */; };
		F9B7FD9115AB97A100B0D6F0 /* test-edges.cpp in Sources */ = {isa = PBXBuildFile; fileRef = F9B7FD8C15AB962B00B0D6F0 /* test-edges.cpp */; };
		F9B7FD9315AC37A300B0D6F0 /* regression-test.cpp in Sources */ = {isa = PBXBuildFile; fileRef = F9B7FD9215AC37A300B0D6F0 /* regression-test.cpp */; };
		F9B7FD9415AC37BF00B0D6F0 /* regression-test.cpp in Sources */ = {isa = PBXBuildFile; fileRef = F9B7FD9215AC37A300B0D6F0 /* regression-test.cpp */; };
		F9B7FD9815AE863E00B0D6F0 /* tests.cpp in Sources */ = {isa = PBXBuildFile; fileRef = F9B7FD9715AE863E00B0D6F0 /* tests.cpp */; };
		F9B7FD9915AE86C700B0D6F0 /* tests.cpp in Sources */ = {isa = PBXBuildFile; fileRef = F9B7FD9715AE863E00B0D6F0 /* tests.cpp */; };
/* End PBXBuildFile section */

/* Begin PBXCopyFilesBuildPhase section */
		F9470FEF15A8CC1300602C3C /* CopyFiles */ = {
			isa = PBXCopyFilesBuildPhase;
			buildActionMask = 2147483647;
			dstPath = /usr/share/man/man1/;
			dstSubfolderSpec = 0;
			files = (
				F9470FF815A8CC1300602C3C /* graph_repl.1 in CopyFiles */,
			);
			runOnlyForDeploymentPostprocessing = 1;
		};
		F9B1AEA315AB95A100DC93D4 /* CopyFiles */ = {
			isa = PBXCopyFilesBuildPhase;
			buildActionMask = 2147483647;
			dstPath = /usr/share/man/man1/;
			dstSubfolderSpec = 0;
			files = (
				F9B1AEAB15AB95A100DC93D4 /* unit_test.1 in CopyFiles */,
			);
			runOnlyForDeploymentPostprocessing = 1;
		};
/* End PBXCopyFilesBuildPhase section */

/* Begin PBXFileReference section */
		F92AE5F515B6174E000CAE75 /* test-adjacency-matrix.cpp */ = {isa = PBXFileReference; fileEncoding = 4; lastKnownFileType = sourcecode.cpp.cpp; path = "test-adjacency-matrix.cpp"; sourceTree = "<group>"; };
		F92AE5FA15BF62F5000CAE75 /* test-adjacency-list.cpp */ = {isa = PBXFileReference; fileEncoding = 4; lastKnownFileType = sourcecode.cpp.cpp; path = "test-adjacency-list.cpp"; sourceTree = "<group>"; };
		F92AE5FD15C062A9000CAE75 /* interactive.h */ = {isa = PBXFileReference; fileEncoding = 4; lastKnownFileType = sourcecode.c.h; path = interactive.h; sourceTree = "<group>"; };
		F92AE5FE15C0632D000CAE75 /* interactive.cpp */ = {isa = PBXFileReference; fileEncoding = 4; lastKnownFileType = sourcecode.cpp.cpp; path = interactive.cpp; sourceTree = "<group>"; };
		F932AD8215C2010800722457 /* prompt.h */ = {isa = PBXFileReference; lastKnownFileType = sourcecode.c.h; path = prompt.h; sourceTree = "<group>"; };
		F932AD8415C2CC5600722457 /* prompt.cpp */ = {isa = PBXFileReference; fileEncoding = 4; lastKnownFileType = sourcecode.cpp.cpp; path = prompt.cpp; sourceTree = "<group>"; };
		F932AD8615C2EE0A00722457 /* test-graph.cpp */ = {isa = PBXFileReference; fileEncoding = 4; lastKnownFileType = sourcecode.cpp.cpp; path = "test-graph.cpp"; sourceTree = "<group>"; };
		F932AD8915C2F0B700722457 /* test-random-graph.cpp */ = {isa = PBXFileReference; fileEncoding = 4; lastKnownFileType = sourcecode.cpp.cpp; path = "test-random-graph.cpp"; sourceTree = "<group>"; };
		F932AD8C15C2F51F00722457 /* test-undirected-dfs.cpp */ = {isa = PBXFileReference; fileEncoding = 4; lastKnownFileType = sourcecode.cpp.cpp; path = "test-undirected-dfs.cpp"; sourceTree = "<group>"; };
		F932AD8F15C5F1CE00722457 /* test-bipartite.cpp */ = {isa = PBXFileReference; fileEncoding = 4; lastKnownFileType = sourcecode.cpp.cpp; path = "test-bipartite.cpp"; sourceTree = "<group>"; };
		F932AD9215C89ADD00722457 /* trace.h */ = {isa = PBXFileReference; lastKnownFileType = sourcecode.c.h; path = trace.h; sourceTree = "<group>"; };
		F932AD9315C9E8FF00722457 /* simple-path.h */ = {isa = PBXFileReference; lastKnownFileType = sourcecode.c.h; path = "simple-path.h"; sourceTree = "<group>"; };
		F932AD9415C9E97E00722457 /* simple-path.cpp */ = {isa = PBXFileReference; fileEncoding = 4; lastKnownFileType = sourcecode.cpp.cpp; path = "simple-path.cpp"; sourceTree = "<group>"; };
		F932AD9715CBD93100722457 /* test-directed-graph.cpp */ = {isa = PBXFileReference; fileEncoding = 4; lastKnownFileType = sourcecode.cpp.cpp; path = "test-directed-graph.cpp"; sourceTree = "<group>"; };
		F932AD9A15D1D37900722457 /* test-transitive-closure.cpp */ = {isa = PBXFileReference; fileEncoding = 4; lastKnownFileType = sourcecode.cpp.cpp; path = "test-transitive-closure.cpp"; sourceTree = "<group>"; };
		F9402E8815EC321F009E268C /* digraph-strong-components.cpp */ = {isa = PBXFileReference; fileEncoding = 4; lastKnownFileType = sourcecode.cpp.cpp; path = "digraph-strong-components.cpp"; sourceTree = "<group>"; };
		F9402E8B15EC3456009E268C /* strong-components.h */ = {isa = PBXFileReference; lastKnownFileType = sourcecode.c.h; path = "strong-components.h"; sourceTree = "<group>"; };
		F9402E8C15F2A610009E268C /* stack.h */ = {isa = PBXFileReference; lastKnownFileType = sourcecode.c.h; path = stack.h; sourceTree = "<group>"; };
		F9402E8D15F3F1D9009E268C /* test-stack.cpp */ = {isa = PBXFileReference; fileEncoding = 4; lastKnownFileType = sourcecode.cpp.cpp; path = "test-stack.cpp"; sourceTree = "<group>"; };
		F9402E9015FFF9E4009E268C /* test-weighted-graph.cpp */ = {isa = PBXFileReference; fileEncoding = 4; lastKnownFileType = sourcecode.cpp.cpp; path = "test-weighted-graph.cpp"; sourceTree = "<group>"; };
		F9402E9816001AA3009E268C /* edge-pointer.cpp */ = {isa = PBXFileReference; fileEncoding = 4; lastKnownFileType = sourcecode.cpp.cpp; path = "edge-pointer.cpp"; sourceTree = "<group>"; };
		F9470FF115A8CC1300602C3C /* graph-repl */ = {isa = PBXFileReference; explicitFileType = "compiled.mach-o.executable"; includeInIndex = 0; path = "graph-repl"; sourceTree = BUILT_PRODUCTS_DIR; };
		F9470FF515A8CC1300602C3C /* main.cpp */ = {isa = PBXFileReference; lastKnownFileType = sourcecode.cpp.cpp; path = main.cpp; sourceTree = "<group>"; };
		F9470FF715A8CC1300602C3C /* graph_repl.1 */ = {isa = PBXFileReference; lastKnownFileType = text.man; path = graph_repl.1; sourceTree = "<group>"; };
		F9590D1C15D34B610022D00C /* test-topological-sort.cpp */ = {isa = PBXFileReference; fileEncoding = 4; lastKnownFileType = sourcecode.cpp.cpp; path = "test-topological-sort.cpp"; sourceTree = "<group>"; };
		F9590D2015D34DA30022D00C /* dag.h */ = {isa = PBXFileReference; lastKnownFileType = sourcecode.c.h; path = dag.h; sourceTree = "<group>"; };
		F9590D2115D46F7F0022D00C /* topological-sort.h */ = {isa = PBXFileReference; lastKnownFileType = sourcecode.c.h; path = "topological-sort.h"; sourceTree = "<group>"; };
		F9590D2215D5C1670022D00C /* test-dfs.cpp */ = {isa = PBXFileReference; fileEncoding = 4; lastKnownFileType = sourcecode.cpp.cpp; path = "test-dfs.cpp"; sourceTree = "<group>"; };
		F964321016179EAE007EAE1A /* edge-assoc-array.h */ = {isa = PBXFileReference; lastKnownFileType = sourcecode.c.h; path = "edge-assoc-array.h"; sourceTree = "<group>"; };
		F964321216179EC2007EAE1A /* test-assoc-array.cpp */ = {isa = PBXFileReference; fileEncoding = 4; lastKnownFileType = sourcecode.cpp.cpp; path = "test-assoc-array.cpp"; sourceTree = "<group>"; };
		F9643215161882FC007EAE1A /* union-find.h */ = {isa = PBXFileReference; lastKnownFileType = sourcecode.c.h; path = "union-find.h"; sourceTree = "<group>"; };
		F9643216161885A0007EAE1A /* test-union-find.cpp */ = {isa = PBXFileReference; fileEncoding = 4; lastKnownFileType = sourcecode.cpp.cpp; path = "test-union-find.cpp"; sourceTree = "<group>"; };
		F975126C15A8D2D600831089 /* graph.dylib */ = {isa = PBXFileReference; explicitFileType = "compiled.mach-o.dylib"; includeInIndex = 0; path = graph.dylib; sourceTree = BUILT_PRODUCTS_DIR; };
		F975126F15A8D2D600831089 /* graph-Prefix.pch */ = {isa = PBXFileReference; lastKnownFileType = sourcecode.c.h; path = "graph-Prefix.pch"; sourceTree = "<group>"; };
		F975127015A8D2D600831089 /* graphProj.xcconfig */ = {isa = PBXFileReference; lastKnownFileType = text.xcconfig; path = graphProj.xcconfig; sourceTree = "<group>"; };
		F975127115A8D2D600831089 /* graphTarget.xcconfig */ = {isa = PBXFileReference; lastKnownFileType = text.xcconfig; path = graphTarget.xcconfig; sourceTree = "<group>"; };
		F975127E15A8D3FD00831089 /* test.h */ = {isa = PBXFileReference; fileEncoding = 4; lastKnownFileType = sourcecode.c.h; path = test.h; sourceTree = "<group>"; };
		F975128015A8D42800831089 /* testy.cpp */ = {isa = PBXFileReference; fileEncoding = 4; lastKnownFileType = sourcecode.cpp.cpp; path = testy.cpp; sourceTree = "<group>"; };
		F975128215A8D4B700831089 /* graph.h */ = {isa = PBXFileReference; fileEncoding = 4; lastKnownFileType = sourcecode.c.h; path = graph.h; sourceTree = "<group>"; };
		F975128415A8D53500831089 /* edge.h */ = {isa = PBXFileReference; fileEncoding = 4; lastKnownFileType = sourcecode.c.h; path = edge.h; sourceTree = "<group>"; };
		F975128715A9113200831089 /* graph_base.h */ = {isa = PBXFileReference; fileEncoding = 4; lastKnownFileType = sourcecode.c.h; path = graph_base.h; sourceTree = "<group>"; };
		F975128815A9113200831089 /* graph_impl.cpp */ = {isa = PBXFileReference; fileEncoding = 4; lastKnownFileType = sourcecode.cpp.cpp; path = graph_impl.cpp; sourceTree = "<group>"; };
		F975128915A9113200831089 /* graph_impl.h */ = {isa = PBXFileReference; fileEncoding = 4; lastKnownFileType = sourcecode.c.h; path = graph_impl.h; sourceTree = "<group>"; };
		F975128E15A9124000831089 /* graph-type.h */ = {isa = PBXFileReference; fileEncoding = 4; lastKnownFileType = sourcecode.c.h; path = "graph-type.h"; sourceTree = "<group>"; };
		F975129015A9142F00831089 /* adjacency_matrix.cpp */ = {isa = PBXFileReference; fileEncoding = 4; lastKnownFileType = sourcecode.cpp.cpp; path = adjacency_matrix.cpp; sourceTree = "<group>"; };
		F975129115A9142F00831089 /* adjacency_matrix.h */ = {isa = PBXFileReference; fileEncoding = 4; lastKnownFileType = sourcecode.c.h; path = adjacency_matrix.h; sourceTree = "<group>"; };
		F975129415A9146100831089 /* graph_utils.h */ = {isa = PBXFileReference; fileEncoding = 4; lastKnownFileType = sourcecode.c.h; path = graph_utils.h; sourceTree = "<group>"; };
		F975129615A9146100831089 /* tuple.h */ = {isa = PBXFileReference; fileEncoding = 4; lastKnownFileType = sourcecode.c.h; path = tuple.h; sourceTree = "<group>"; };
		F975129A15A9148000831089 /* graph_utils.cpp */ = {isa = PBXFileReference; fileEncoding = 4; lastKnownFileType = sourcecode.cpp.cpp; path = graph_utils.cpp; sourceTree = "<group>"; };
		F975129C15A916F300831089 /* adjacency_list.cpp */ = {isa = PBXFileReference; fileEncoding = 4; lastKnownFileType = sourcecode.cpp.cpp; path = adjacency_list.cpp; sourceTree = "<group>"; };
		F975129D15A916F300831089 /* adjacency_list.h */ = {isa = PBXFileReference; fileEncoding = 4; lastKnownFileType = sourcecode.c.h; path = adjacency_list.h; sourceTree = "<group>"; };
		F97512A015A9171000831089 /* lwll.h */ = {isa = PBXFileReference; fileEncoding = 4; lastKnownFileType = sourcecode.c.h; path = lwll.h; sourceTree = "<group>"; };
		F97512A415A91B0700831089 /* bfs.h */ = {isa = PBXFileReference; fileEncoding = 4; lastKnownFileType = sourcecode.c.h; path = bfs.h; sourceTree = "<group>"; };
		F97512A515A91B0700831089 /* dfs.h */ = {isa = PBXFileReference; fileEncoding = 4; lastKnownFileType = sourcecode.c.h; path = dfs.h; sourceTree = "<group>"; };
		F97512A615A91B0700831089 /* search_base.h */ = {isa = PBXFileReference; fileEncoding = 4; lastKnownFileType = sourcecode.c.h; path = search_base.h; sourceTree = "<group>"; };
		F97512AA15A91B3C00831089 /* graph-property.h */ = {isa = PBXFileReference; fileEncoding = 4; lastKnownFileType = sourcecode.c.h; path = "graph-property.h"; sourceTree = "<group>"; };
		F97512AC15A91C2B00831089 /* algos.h */ = {isa = PBXFileReference; fileEncoding = 4; lastKnownFileType = sourcecode.c.h; path = algos.h; sourceTree = "<group>"; };
		F97512B015A91CE400831089 /* degree.h */ = {isa = PBXFileReference; fileEncoding = 4; lastKnownFileType = sourcecode.c.h; path = degree.h; sourceTree = "<group>"; };
		F97512B115A91CE400831089 /* graph_gen.cpp */ = {isa = PBXFileReference; fileEncoding = 4; lastKnownFileType = sourcecode.cpp.cpp; path = graph_gen.cpp; sourceTree = "<group>"; };
		F97512B215A91CE400831089 /* graph_gen.h */ = {isa = PBXFileReference; fileEncoding = 4; lastKnownFileType = sourcecode.c.h; path = graph_gen.h; sourceTree = "<group>"; };
		F97512B315A91CE400831089 /* transitive-clojure.h */ = {isa = PBXFileReference; fileEncoding = 4; lastKnownFileType = sourcecode.c.h; path = "transitive-clojure.h"; sourceTree = "<group>"; };
		F97BBCB41604CBD100A04B4A /* edge-traits.h */ = {isa = PBXFileReference; lastKnownFileType = sourcecode.c.h; path = "edge-traits.h"; sourceTree = "<group>"; };
		F97BBCB61604CD4800A04B4A /* proto.h */ = {isa = PBXFileReference; lastKnownFileType = sourcecode.c.h; path = proto.h; sourceTree = "<group>"; };
		F97BBCB716050BD400A04B4A /* graph-edge-pointer.cpp */ = {isa = PBXFileReference; fileEncoding = 4; lastKnownFileType = sourcecode.cpp.cpp; path = "graph-edge-pointer.cpp"; sourceTree = "<group>"; };
		F97BBCBA1607E47700A04B4A /* minimum-spanning-tree.h */ = {isa = PBXFileReference; lastKnownFileType = sourcecode.c.h; path = "minimum-spanning-tree.h"; sourceTree = "<group>"; };
		F97BBCBB16092DBA00A04B4A /* minimum-spanning-tree.cpp */ = {isa = PBXFileReference; fileEncoding = 4; lastKnownFileType = sourcecode.cpp.cpp; path = "minimum-spanning-tree.cpp"; sourceTree = "<group>"; };
		F9A76D67160E684A007ED856 /* priority-queue.h */ = {isa = PBXFileReference; lastKnownFileType = sourcecode.c.h; path = "priority-queue.h"; sourceTree = "<group>"; };
		F9A76D69160FAFB8007ED856 /* test-priority-queue.cpp */ = {isa = PBXFileReference; fileEncoding = 4; lastKnownFileType = sourcecode.cpp.cpp; path = "test-priority-queue.cpp"; sourceTree = "<group>"; };
		F9B1AEA515AB95A100DC93D4 /* unit-test */ = {isa = PBXFileReference; explicitFileType = "compiled.mach-o.executable"; includeInIndex = 0; path = "unit-test"; sourceTree = BUILT_PRODUCTS_DIR; };
		F9B1AEA815AB95A100DC93D4 /* main.cpp */ = {isa = PBXFileReference; lastKnownFileType = sourcecode.cpp.cpp; path = main.cpp; sourceTree = "<group>"; };
		F9B1AEAA15AB95A100DC93D4 /* unit_test.1 */ = {isa = PBXFileReference; lastKnownFileType = text.man; path = unit_test.1; sourceTree = "<group>"; };
		F9B7FD8C15AB962B00B0D6F0 /* test-edges.cpp */ = {isa = PBXFileReference; fileEncoding = 4; lastKnownFileType = sourcecode.cpp.cpp; path = "test-edges.cpp"; sourceTree = "<group>"; };
		F9B7FD9015AB973800B0D6F0 /* regression-test.h */ = {isa = PBXFileReference; fileEncoding = 4; lastKnownFileType = sourcecode.c.h; path = "regression-test.h"; sourceTree = "<group>"; };
		F9B7FD9215AC37A300B0D6F0 /* regression-test.cpp */ = {isa = PBXFileReference; fileEncoding = 4; lastKnownFileType = sourcecode.cpp.cpp; path = "regression-test.cpp"; sourceTree = "<group>"; };
		F9B7FD9615AE412400B0D6F0 /* tests.h */ = {isa = PBXFileReference; fileEncoding = 4; lastKnownFileType = sourcecode.c.h; path = tests.h; sourceTree = "<group>"; };
		F9B7FD9715AE863E00B0D6F0 /* tests.cpp */ = {isa = PBXFileReference; fileEncoding = 4; lastKnownFileType = sourcecode.cpp.cpp; path = tests.cpp; sourceTree = "<group>"; };
		F9B7FD9B15B35C1500B0D6F0 /* assertion.h */ = {isa = PBXFileReference; fileEncoding = 4; lastKnownFileType = sourcecode.c.h; path = assertion.h; sourceTree = "<group>"; };
/* End PBXFileReference section */

/* Begin PBXFrameworksBuildPhase section */
		F9470FEE15A8CC1300602C3C /* Frameworks */ = {
			isa = PBXFrameworksBuildPhase;
			buildActionMask = 2147483647;
			files = (
				F975127D15A8D3B700831089 /* graph.dylib in Frameworks */,
			);
			runOnlyForDeploymentPostprocessing = 0;
		};
		F975126915A8D2D600831089 /* Frameworks */ = {
			isa = PBXFrameworksBuildPhase;
			buildActionMask = 2147483647;
			files = (
			);
			runOnlyForDeploymentPostprocessing = 0;
		};
		F9B1AEA215AB95A100DC93D4 /* Frameworks */ = {
			isa = PBXFrameworksBuildPhase;
			buildActionMask = 2147483647;
			files = (
				F92AE5F915BF5B33000CAE75 /* graph.dylib in Frameworks */,
			);
			runOnlyForDeploymentPostprocessing = 0;
		};
/* End PBXFrameworksBuildPhase section */

/* Begin PBXGroup section */
		F9470FE615A8CC1300602C3C = {
			isa = PBXGroup;
			children = (
				F9470FF415A8CC1300602C3C /* graph-repl */,
				F975126D15A8D2D600831089 /* graph */,
				F9B1AEA715AB95A100DC93D4 /* unit-test */,
				F9470FF215A8CC1300602C3C /* Products */,
			);
			sourceTree = "<group>";
		};
		F9470FF215A8CC1300602C3C /* Products */ = {
			isa = PBXGroup;
			children = (
				F9470FF115A8CC1300602C3C /* graph-repl */,
				F975126C15A8D2D600831089 /* graph.dylib */,
				F9B1AEA515AB95A100DC93D4 /* unit-test */,
			);
			name = Products;
			sourceTree = "<group>";
		};
		F9470FF415A8CC1300602C3C /* graph-repl */ = {
			isa = PBXGroup;
			children = (
				F9470FF515A8CC1300602C3C /* main.cpp */,
				F9470FF715A8CC1300602C3C /* graph_repl.1 */,
			);
			path = "graph-repl";
			sourceTree = "<group>";
		};
		F975126D15A8D2D600831089 /* graph */ = {
			isa = PBXGroup;
			children = (
				F97BBCB61604CD4800A04B4A /* proto.h */,
				F9643215161882FC007EAE1A /* union-find.h */,
				F975128415A8D53500831089 /* edge.h */,
				F97BBCB41604CBD100A04B4A /* edge-traits.h */,
				F964321016179EAE007EAE1A /* edge-assoc-array.h */,
				F975128215A8D4B700831089 /* graph.h */,
				F975128715A9113200831089 /* graph_base.h */,
				F97512B015A91CE400831089 /* degree.h */,
				F97512B215A91CE400831089 /* graph_gen.h */,
				F97BBCBA1607E47700A04B4A /* minimum-spanning-tree.h */,
				F9402E8B15EC3456009E268C /* strong-components.h */,
				F97512B315A91CE400831089 /* transitive-clojure.h */,
				F9590D2115D46F7F0022D00C /* topological-sort.h */,
				F97512B115A91CE400831089 /* graph_gen.cpp */,
				F97512AC15A91C2B00831089 /* algos.h */,
				F932AD9315C9E8FF00722457 /* simple-path.h */,
				F97512AA15A91B3C00831089 /* graph-property.h */,
				F97512A415A91B0700831089 /* bfs.h */,
				F97512A515A91B0700831089 /* dfs.h */,
				F97512A615A91B0700831089 /* search_base.h */,
				F97512A015A9171000831089 /* lwll.h */,
				F975129D15A916F300831089 /* adjacency_list.h */,
				F975129C15A916F300831089 /* adjacency_list.cpp */,
				F975129415A9146100831089 /* graph_utils.h */,
				F9590D2015D34DA30022D00C /* dag.h */,
				F975129A15A9148000831089 /* graph_utils.cpp */,
				F975129615A9146100831089 /* tuple.h */,
				F9402E8C15F2A610009E268C /* stack.h */,
				F9A76D67160E684A007ED856 /* priority-queue.h */,
				F975129115A9142F00831089 /* adjacency_matrix.h */,
				F975129015A9142F00831089 /* adjacency_matrix.cpp */,
				F975128E15A9124000831089 /* graph-type.h */,
				F975128915A9113200831089 /* graph_impl.h */,
				F975128815A9113200831089 /* graph_impl.cpp */,
				F975127E15A8D3FD00831089 /* test.h */,
				F975128015A8D42800831089 /* testy.cpp */,
				F975127015A8D2D600831089 /* graphProj.xcconfig */,
				F975127115A8D2D600831089 /* graphTarget.xcconfig */,
				F975126E15A8D2D600831089 /* Supporting Files */,
			);
			path = graph;
			sourceTree = "<group>";
		};
		F975126E15A8D2D600831089 /* Supporting Files */ = {
			isa = PBXGroup;
			children = (
				F975126F15A8D2D600831089 /* graph-Prefix.pch */,
			);
			name = "Supporting Files";
			sourceTree = "<group>";
		};
		F9B1AEA715AB95A100DC93D4 /* unit-test */ = {
			isa = PBXGroup;
			children = (
				F932AD8215C2010800722457 /* prompt.h */,
				F932AD9215C89ADD00722457 /* trace.h */,
				F932AD8415C2CC5600722457 /* prompt.cpp */,
				F92AE5FD15C062A9000CAE75 /* interactive.h */,
				F92AE5FE15C0632D000CAE75 /* interactive.cpp */,
				F9B7FD9B15B35C1500B0D6F0 /* assertion.h */,
				F9B7FD9015AB973800B0D6F0 /* regression-test.h */,
				F9B7FD9215AC37A300B0D6F0 /* regression-test.cpp */,
				F9B1AEA815AB95A100DC93D4 /* main.cpp */,
				F9B7FD9615AE412400B0D6F0 /* tests.h */,
				F9B7FD9715AE863E00B0D6F0 /* tests.cpp */,
				F9402E8D15F3F1D9009E268C /* test-stack.cpp */,
				F9643216161885A0007EAE1A /* test-union-find.cpp */,
				F964321216179EC2007EAE1A /* test-assoc-array.cpp */,
				F9A76D69160FAFB8007ED856 /* test-priority-queue.cpp */,
				F9B7FD8C15AB962B00B0D6F0 /* test-edges.cpp */,
				F9402E9816001AA3009E268C /* edge-pointer.cpp */,
				F97BBCB716050BD400A04B4A /* graph-edge-pointer.cpp */,
				F92AE5FA15BF62F5000CAE75 /* test-adjacency-list.cpp */,
				F92AE5F515B6174E000CAE75 /* test-adjacency-matrix.cpp */,
				F932AD8615C2EE0A00722457 /* test-graph.cpp */,
				F9402E9015FFF9E4009E268C /* test-weighted-graph.cpp */,
				F932AD8915C2F0B700722457 /* test-random-graph.cpp */,
				F932AD8C15C2F51F00722457 /* test-undirected-dfs.cpp */,
				F9590D2215D5C1670022D00C /* test-dfs.cpp */,
				F932AD8F15C5F1CE00722457 /* test-bipartite.cpp */,
				F932AD9415C9E97E00722457 /* simple-path.cpp */,
				F932AD9715CBD93100722457 /* test-directed-graph.cpp */,
				F932AD9A15D1D37900722457 /* test-transitive-closure.cpp */,
				F9590D1C15D34B610022D00C /* test-topological-sort.cpp */,
				F9402E8815EC321F009E268C /* digraph-strong-components.cpp */,
				F97BBCBB16092DBA00A04B4A /* minimum-spanning-tree.cpp */,
				F9B1AEAA15AB95A100DC93D4 /* unit_test.1 */,
			);
			path = "unit-test";
			sourceTree = "<group>";
		};
/* End PBXGroup section */

/* Begin PBXHeadersBuildPhase section */
		F975126A15A8D2D600831089 /* Headers */ = {
			isa = PBXHeadersBuildPhase;
			buildActionMask = 2147483647;
			files = (
				F975127F15A8D3FD00831089 /* test.h in Headers */,
				F975128315A8D4B700831089 /* graph.h in Headers */,
				F975128515A8D53500831089 /* edge.h in Headers */,
				F975128B15A9113200831089 /* graph_base.h in Headers */,
				F975128D15A9113200831089 /* graph_impl.h in Headers */,
				F975128F15A9124000831089 /* graph-type.h in Headers */,
				F975129315A9142F00831089 /* adjacency_matrix.h in Headers */,
				F975129715A9146100831089 /* graph_utils.h in Headers */,
				F975129915A9146100831089 /* tuple.h in Headers */,
				F975129F15A916F300831089 /* adjacency_list.h in Headers */,
				F97512A115A9171000831089 /* lwll.h in Headers */,
				F97512A715A91B0700831089 /* bfs.h in Headers */,
				F97512A815A91B0700831089 /* dfs.h in Headers */,
				F97512A915A91B0700831089 /* search_base.h in Headers */,
				F97512AB15A91B3C00831089 /* graph-property.h in Headers */,
				F97512AD15A91C2B00831089 /* algos.h in Headers */,
				F97512B415A91CE400831089 /* degree.h in Headers */,
				F97512B615A91CE400831089 /* graph_gen.h in Headers */,
				F97512B715A91CE400831089 /* transitive-clojure.h in Headers */,
			);
			runOnlyForDeploymentPostprocessing = 0;
		};
/* End PBXHeadersBuildPhase section */

/* Begin PBXNativeTarget section */
		F9470FF015A8CC1300602C3C /* graph-repl */ = {
			isa = PBXNativeTarget;
			buildConfigurationList = F9470FFB15A8CC1300602C3C /* Build configuration list for PBXNativeTarget "graph-repl" */;
			buildPhases = (
				F9470FED15A8CC1300602C3C /* Sources */,
				F9470FEE15A8CC1300602C3C /* Frameworks */,
				F9470FEF15A8CC1300602C3C /* CopyFiles */,
			);
			buildRules = (
			);
			dependencies = (
			);
			name = "graph-repl";
			productName = "graph-repl";
			productReference = F9470FF115A8CC1300602C3C /* graph-repl */;
			productType = "com.apple.product-type.tool";
		};
		F975126B15A8D2D600831089 /* graph */ = {
			isa = PBXNativeTarget;
			buildConfigurationList = F975127615A8D2D600831089 /* Build configuration list for PBXNativeTarget "graph" */;
			buildPhases = (
				F975126815A8D2D600831089 /* Sources */,
				F975126915A8D2D600831089 /* Frameworks */,
				F975126A15A8D2D600831089 /* Headers */,
			);
			buildRules = (
			);
			dependencies = (
			);
			name = graph;
			productName = graph;
			productReference = F975126C15A8D2D600831089 /* graph.dylib */;
			productType = "com.apple.product-type.library.dynamic";
		};
		F9B1AEA415AB95A100DC93D4 /* unit-test */ = {
			isa = PBXNativeTarget;
			buildConfigurationList = F9B1AEAC15AB95A100DC93D4 /* Build configuration list for PBXNativeTarget "unit-test" */;
			buildPhases = (
				F9B1AEA115AB95A100DC93D4 /* Sources */,
				F9B1AEA215AB95A100DC93D4 /* Frameworks */,
				F9B1AEA315AB95A100DC93D4 /* CopyFiles */,
			);
			buildRules = (
			);
			dependencies = (
			);
			name = "unit-test";
			productName = "unit-test";
			productReference = F9B1AEA515AB95A100DC93D4 /* unit-test */;
			productType = "com.apple.product-type.tool";
		};
/* End PBXNativeTarget section */

/* Begin PBXProject section */
		F9470FE815A8CC1300602C3C /* Project object */ = {
			isa = PBXProject;
			attributes = {
				LastUpgradeCheck = 0450;
				ORGANIZATIONNAME = "mohegan skunk works";
			};
			buildConfigurationList = F9470FEB15A8CC1300602C3C /* Build configuration list for PBXProject "graph-repl" */;
			compatibilityVersion = "Xcode 3.2";
			developmentRegion = English;
			hasScannedForEncodings = 0;
			knownRegions = (
				en,
			);
			mainGroup = F9470FE615A8CC1300602C3C;
			productRefGroup = F9470FF215A8CC1300602C3C /* Products */;
			projectDirPath = "";
			projectRoot = "";
			targets = (
				F9470FF015A8CC1300602C3C /* graph-repl */,
				F975126B15A8D2D600831089 /* graph */,
				F9B1AEA415AB95A100DC93D4 /* unit-test */,
			);
		};
/* End PBXProject section */

/* Begin PBXSourcesBuildPhase section */
		F9470FED15A8CC1300602C3C /* Sources */ = {
			isa = PBXSourcesBuildPhase;
			buildActionMask = 2147483647;
			files = (
				F9470FF615A8CC1300602C3C /* main.cpp in Sources */,
				F9B7FD8D15AB962B00B0D6F0 /* test-edges.cpp in Sources */,
				F9B7FD9315AC37A300B0D6F0 /* regression-test.cpp in Sources */,
				F9B7FD9815AE863E00B0D6F0 /* tests.cpp in Sources */,
				F92AE5F615B6174E000CAE75 /* test-adjacency-matrix.cpp in Sources */,
				F92AE5FB15BF62F5000CAE75 /* test-adjacency-list.cpp in Sources */,
				F92AE5FF15C0632D000CAE75 /* interactive.cpp in Sources */,
			);
			runOnlyForDeploymentPostprocessing = 0;
		};
		F975126815A8D2D600831089 /* Sources */ = {
			isa = PBXSourcesBuildPhase;
			buildActionMask = 2147483647;
			files = (
				F975128115A8D42800831089 /* testy.cpp in Sources */,
				F975128C15A9113200831089 /* graph_impl.cpp in Sources */,
				F975129215A9142F00831089 /* adjacency_matrix.cpp in Sources */,
				F975129B15A9148000831089 /* graph_utils.cpp in Sources */,
				F975129E15A916F300831089 /* adjacency_list.cpp in Sources */,
				F97512B515A91CE400831089 /* graph_gen.cpp in Sources */,
			);
			runOnlyForDeploymentPostprocessing = 0;
		};
		F9B1AEA115AB95A100DC93D4 /* Sources */ = {
			isa = PBXSourcesBuildPhase;
			buildActionMask = 2147483647;
			files = (
				F92AE60015C063E2000CAE75 /* interactive.cpp in Sources */,
				F92AE5FC15BF6359000CAE75 /* test-adjacency-list.cpp in Sources */,
				F92AE5F815B617B5000CAE75 /* test-adjacency-matrix.cpp in Sources */,
				F9B7FD9915AE86C700B0D6F0 /* tests.cpp in Sources */,
				F9B7FD9415AC37BF00B0D6F0 /* regression-test.cpp in Sources */,
				F9B7FD9115AB97A100B0D6F0 /* test-edges.cpp in Sources */,
				F9B1AEA915AB95A100DC93D4 /* main.cpp in Sources */,
				F932AD8515C2CC5600722457 /* prompt.cpp in Sources */,
				F932AD8815C2EE0B00722457 /* test-graph.cpp in Sources */,
				F932AD8B15C2F0B700722457 /* test-random-graph.cpp in Sources */,
				F932AD8E15C2F51F00722457 /* test-undirected-dfs.cpp in Sources */,
				F932AD9115C5F1CE00722457 /* test-bipartite.cpp in Sources */,
				F932AD9615C9E97E00722457 /* simple-path.cpp in Sources */,
				F932AD9915CBD93200722457 /* test-directed-graph.cpp in Sources */,
				F932AD9C15D1D37900722457 /* test-transitive-closure.cpp in Sources */,
				F9590D1E15D34B610022D00C /* test-topological-sort.cpp in Sources */,
				F9590D2415D5C1670022D00C /* test-dfs.cpp in Sources */,
				F9402E8A15EC3220009E268C /* digraph-strong-components.cpp in Sources */,
				F9402E8F15F3F1D9009E268C /* test-stack.cpp in Sources */,
				F9402E9215FFF9E4009E268C /* test-weighted-graph.cpp in Sources */,
				F9402E9A16001AA4009E268C /* edge-pointer.cpp in Sources */,
				F97BBCB916050BD400A04B4A /* graph-edge-pointer.cpp in Sources */,
				F97BBCBD16092DBA00A04B4A /* minimum-spanning-tree.cpp in Sources */,
				F9A76D6B160FAFB8007ED856 /* test-priority-queue.cpp in Sources */,
				F964321416179EC2007EAE1A /* test-assoc-array.cpp in Sources */,
				F9643218161885A1007EAE1A /* test-union-find.cpp in Sources */,
			);
			runOnlyForDeploymentPostprocessing = 0;
		};
/* End PBXSourcesBuildPhase section */

/* Begin XCBuildConfiguration section */
		F9470FF915A8CC1300602C3C /* Debug */ = {
			isa = XCBuildConfiguration;
			buildSettings = {
				ALWAYS_SEARCH_USER_PATHS = NO;
				ARCHS = "$(ARCHS_STANDARD_64_BIT)";
				CLANG_CXX_LANGUAGE_STANDARD = "c++0x";
				CLANG_CXX_LIBRARY = "libc++";
				CLANG_ENABLE_OBJC_ARC = YES;
				COPY_PHASE_STRIP = NO;
				GCC_C_LANGUAGE_STANDARD = gnu99;
				GCC_DYNAMIC_NO_PIC = NO;
				GCC_ENABLE_OBJC_EXCEPTIONS = YES;
				GCC_OPTIMIZATION_LEVEL = 0;
				GCC_PREPROCESSOR_DEFINITIONS = (
					"DEBUG=1",
					"$(inherited)",
				);
				GCC_SYMBOLS_PRIVATE_EXTERN = NO;
				GCC_VERSION = com.apple.compilers.llvm.clang.1_0;
				GCC_WARN_64_TO_32_BIT_CONVERSION = YES;
				GCC_WARN_ABOUT_MISSING_PROTOTYPES = YES;
				GCC_WARN_ABOUT_RETURN_TYPE = YES;
				GCC_WARN_UNUSED_VARIABLE = YES;
				MACOSX_DEPLOYMENT_TARGET = 10.7;
				ONLY_ACTIVE_ARCH = YES;
				SDKROOT = macosx;
			};
			name = Debug;
		};
		F9470FFA15A8CC1300602C3C /* Release */ = {
			isa = XCBuildConfiguration;
			buildSettings = {
				ALWAYS_SEARCH_USER_PATHS = NO;
				ARCHS = "$(ARCHS_STANDARD_64_BIT)";
				CLANG_CXX_LANGUAGE_STANDARD = "c++0x";
				CLANG_CXX_LIBRARY = "libc++";
				CLANG_ENABLE_OBJC_ARC = YES;
				COPY_PHASE_STRIP = YES;
				DEBUG_INFORMATION_FORMAT = "dwarf-with-dsym";
				GCC_C_LANGUAGE_STANDARD = gnu99;
				GCC_ENABLE_OBJC_EXCEPTIONS = YES;
				GCC_VERSION = com.apple.compilers.llvm.clang.1_0;
				GCC_WARN_64_TO_32_BIT_CONVERSION = YES;
				GCC_WARN_ABOUT_MISSING_PROTOTYPES = YES;
				GCC_WARN_ABOUT_RETURN_TYPE = YES;
				GCC_WARN_UNUSED_VARIABLE = YES;
				MACOSX_DEPLOYMENT_TARGET = 10.7;
				SDKROOT = macosx;
			};
			name = Release;
		};
		F9470FFC15A8CC1300602C3C /* Debug */ = {
			isa = XCBuildConfiguration;
			buildSettings = {
				PRODUCT_NAME = "$(TARGET_NAME)";
			};
			name = Debug;
		};
		F9470FFD15A8CC1300602C3C /* Release */ = {
			isa = XCBuildConfiguration;
			buildSettings = {
				PRODUCT_NAME = "$(TARGET_NAME)";
			};
			name = Release;
		};
		F975127715A8D2D600831089 /* Debug */ = {
			isa = XCBuildConfiguration;
			buildSettings = {
				COMBINE_HIDPI_IMAGES = YES;
				PRODUCT_NAME = "$(TARGET_NAME)";
			};
			name = Debug;
		};
		F975127815A8D2D600831089 /* Release */ = {
			isa = XCBuildConfiguration;
			buildSettings = {
				COMBINE_HIDPI_IMAGES = YES;
				PRODUCT_NAME = "$(TARGET_NAME)";
			};
			name = Release;
		};
		F9B1AEAD15AB95A100DC93D4 /* Debug */ = {
			isa = XCBuildConfiguration;
			buildSettings = {
				GCC_FAST_MATH = YES;
				PRODUCT_NAME = "$(TARGET_NAME)";
			};
			name = Debug;
		};
		F9B1AEAE15AB95A100DC93D4 /* Release */ = {
			isa = XCBuildConfiguration;
			buildSettings = {
				GCC_FAST_MATH = YES;
				PRODUCT_NAME = "$(TARGET_NAME)";
			};
			name = Release;
		};
/* End XCBuildConfiguration section */

/* Begin XCConfigurationList section */
		F9470FEB15A8CC1300602C3C /* Build configuration list for PBXProject "graph-repl" */ = {
			isa = XCConfigurationList;
			buildConfigurations = (
				F9470FF915A8CC1300602C3C /* Debug */,
				F9470FFA15A8CC1300602C3C /* Release */,
			);
			defaultConfigurationIsVisible = 0;
			defaultConfigurationName = Release;
		};
		F9470FFB15A8CC1300602C3C /* Build configuration list for PBXNativeTarget "graph-repl" */ = {
			isa = XCConfigurationList;
			buildConfigurations = (
				F9470FFC15A8CC1300602C3C /* Debug */,
				F9470FFD15A8CC1300602C3C /* Release */,
			);
			defaultConfigurationIsVisible = 0;
			defaultConfigurationName = Release;
		};
		F975127615A8D2D600831089 /* Build configuration list for PBXNativeTarget "graph" */ = {
			isa = XCConfigurationList;
			buildConfigurations = (
				F975127715A8D2D600831089 /* Debug */,
				F975127815A8D2D600831089 /* Release */,
			);
			defaultConfigurationIsVisible = 0;
			defaultConfigurationName = Release;
		};
		F9B1AEAC15AB95A100DC93D4 /* Build configuration list for PBXNativeTarget "unit-test" */ = {
			isa = XCConfigurationList;
			buildConfigurations = (
				F9B1AEAD15AB95A100DC93D4 /* Debug */,
				F9B1AEAE15AB95A100DC93D4 /* Release */,
			);
			defaultConfigurationIsVisible = 0;
			defaultConfigurationName = Release;
		};
/* End XCConfigurationList section */
	};
	rootObject = F9470FE815A8CC1300602C3C /* Project object */;
}
